
Microsoft Visual Studio Solution File, Format Version 12.00
# Visual Studio Version 17
VisualStudioVersion = 17.7.34031.279
MinimumVisualStudioVersion = 10.0.40219.1
Project("{FAE04EC0-301F-11D3-BF4B-00C04F79EFBC}") = "WindowsFormsApp1", "WindowsFormsApp1.csproj", "{C5185F96-2516-4A8E-8178-37C3FC379698}"
EndProject
Global
	GlobalSection(SolutionConfigurationPlatforms) = preSolution
		Debug|Any CPU = Debug|Any CPU
		Release|Any CPU = Release|Any CPU
	EndGlobalSection
	GlobalSection(ProjectConfigurationPlatforms) = postSolution
		{C5185F96-2516-4A8E-8178-37C3FC379698}.Debug|Any CPU.ActiveCfg = Debug|Any CPU
		{C5185F96-2516-4A8E-8178-37C3FC379698}.Debug|Any CPU.Build.0 = Debug|Any CPU
		{C5185F96-2516-4A8E-8178-37C3FC379698}.Release|Any CPU.ActiveCfg = Release|Any CPU
		{C5185F96-2516-4A8E-8178-37C3FC379698}.Release|Any CPU.Build.0 = Release|Any CPU
	EndGlobalSection
	GlobalSection(SolutionProperties) = preSolution
		HideSolutionNode = FALSE
	EndGlobalSection
	GlobalSection(ExtensibilityGlobals) = postSolution
		SolutionGuid = {36D8603B-FE49-46AF-9831-AA564FFACAC0}
	EndGlobalSection
EndGlobal
